
Microsoft Visual Studio Solution File, Format Version 12.00
# Visual Studio Express 2012 for Web
Project("{FAE04EC0-301F-11D3-BF4B-00C04F79EFBC}") = "HospitalManagement", "HospitalManagement\HospitalManagement.csproj", "{3A383780-A5DA-4A9A-A5CA-B288C10CCA61}"
EndProject
Project("{FAE04EC0-301F-11D3-BF4B-00C04F79EFBC}") = "HospitalManagement.Tests", "HospitalManagement.Tests\HospitalManagement.Tests.csproj", "{A9DFD72A-4702-485B-8D7D-313C51D96B3C}"
EndProject
Global
	GlobalSection(SolutionConfigurationPlatforms) = preSolution
		Debug|Any CPU = Debug|Any CPU
		Release|Any CPU = Release|Any CPU
	EndGlobalSection
	GlobalSection(ProjectConfigurationPlatforms) = postSolution
		{3A383780-A5DA-4A9A-A5CA-B288C10CCA61}.Debug|Any CPU.ActiveCfg = Debug|Any CPU
		{3A383780-A5DA-4A9A-A5CA-B288C10CCA61}.Debug|Any CPU.Build.0 = Debug|Any CPU
		{3A383780-A5DA-4A9A-A5CA-B288C10CCA61}.Release|Any CPU.ActiveCfg = Release|Any CPU
		{3A383780-A5DA-4A9A-A5CA-B288C10CCA61}.Release|Any CPU.Build.0 = Release|Any CPU
		{A9DFD72A-4702-485B-8D7D-313C51D96B3C}.Debug|Any CPU.ActiveCfg = Debug|Any CPU
		{A9DFD72A-4702-485B-8D7D-313C51D96B3C}.Debug|Any CPU.Build.0 = Debug|Any CPU
		{A9DFD72A-4702-485B-8D7D-313C51D96B3C}.Release|Any CPU.ActiveCfg = Release|Any CPU
		{A9DFD72A-4702-485B-8D7D-313C51D96B3C}.Release|Any CPU.Build.0 = Release|Any CPU
	EndGlobalSection
	GlobalSection(SolutionProperties) = preSolution
		HideSolutionNode = FALSE
	EndGlobalSection
EndGlobal
